
Microsoft Visual Studio Solution File, Format Version 12.00
# Visual Studio 14
VisualStudioVersion = 14.0.22310.1
MinimumVisualStudioVersion = 10.0.40219.1
Project("{FAE04EC0-301F-11D3-BF4B-00C04F79EFBC}") = "ChallengeEpicSpiesAssignment", "ChallengeEpicSpiesAssignment\ChallengeEpicSpiesAssignment.csproj", "{3468AEF7-8563-4787-B3E2-F3D70BE65CFC}"
EndProject
Project("{2150E333-8FDC-42A3-9474-1A3956D46DE8}") = "Requirements", "Requirements", "{EEC55EE8-4F58-43B7-B44B-346C04925417}"
	ProjectSection(SolutionItems) = preProject
		ChallengeEpicSpiesAssignment\Documents\epic-spies-business-rules.txt = ChallengeEpicSpiesAssignment\Documents\epic-spies-business-rules.txt
		ChallengeEpicSpiesAssignment\Documents\EpicSpies-MockUp-1.png = ChallengeEpicSpiesAssignment\Documents\EpicSpies-MockUp-1.png
		ChallengeEpicSpiesAssignment\Documents\EpicSpies-Mockup-2.png = ChallengeEpicSpiesAssignment\Documents\EpicSpies-Mockup-2.png
		ChallengeEpicSpiesAssignment\Documents\EpicSpies-Mockup-3.png = ChallengeEpicSpiesAssignment\Documents\EpicSpies-Mockup-3.png
	EndProjectSection
EndProject
Project("{2150E333-8FDC-42A3-9474-1A3956D46DE8}") = "Applications", "Applications", "{0EC4C73B-D580-4DBD-A7AA-A6F6ADA0EA95}"
EndProject
Global
	GlobalSection(SolutionConfigurationPlatforms) = preSolution
		Debug|Any CPU = Debug|Any CPU
		Release|Any CPU = Release|Any CPU
	EndGlobalSection
	GlobalSection(ProjectConfigurationPlatforms) = postSolution
		{3468AEF7-8563-4787-B3E2-F3D70BE65CFC}.Debug|Any CPU.ActiveCfg = Debug|Any CPU
		{3468AEF7-8563-4787-B3E2-F3D70BE65CFC}.Debug|Any CPU.Build.0 = Debug|Any CPU
		{3468AEF7-8563-4787-B3E2-F3D70BE65CFC}.Release|Any CPU.ActiveCfg = Release|Any CPU
		{3468AEF7-8563-4787-B3E2-F3D70BE65CFC}.Release|Any CPU.Build.0 = Release|Any CPU
	EndGlobalSection
	GlobalSection(SolutionProperties) = preSolution
		HideSolutionNode = FALSE
	EndGlobalSection
	GlobalSection(NestedProjects) = preSolution
		{3468AEF7-8563-4787-B3E2-F3D70BE65CFC} = {0EC4C73B-D580-4DBD-A7AA-A6F6ADA0EA95}
	EndGlobalSection
EndGlobal
